
Microsoft Visual Studio Solution File, Format Version 12.00
# Visual Studio Version 17
VisualStudioVersion = 17.4.33110.190
MinimumVisualStudioVersion = 10.0.40219.1
Project("{FAE04EC0-301F-11D3-BF4B-00C04F79EFBC}") = "Caguisan-BMS-Test", "Caguisan-BMS-Test.csproj", "{67EA0863-DE45-48BD-8A6A-D8BA58D4E61D}"
EndProject
Global
	GlobalSection(SolutionConfigurationPlatforms) = preSolution
		Debug|Any CPU = Debug|Any CPU
		Release|Any CPU = Release|Any CPU
	EndGlobalSection
	GlobalSection(ProjectConfigurationPlatforms) = postSolution
		{67EA0863-DE45-48BD-8A6A-D8BA58D4E61D}.Debug|Any CPU.ActiveCfg = Debug|Any CPU
		{67EA0863-DE45-48BD-8A6A-D8BA58D4E61D}.Debug|Any CPU.Build.0 = Debug|Any CPU
		{67EA0863-DE45-48BD-8A6A-D8BA58D4E61D}.Release|Any CPU.ActiveCfg = Release|Any CPU
		{67EA0863-DE45-48BD-8A6A-D8BA58D4E61D}.Release|Any CPU.Build.0 = Release|Any CPU
	EndGlobalSection
	GlobalSection(SolutionProperties) = preSolution
		HideSolutionNode = FALSE
	EndGlobalSection
	GlobalSection(ExtensibilityGlobals) = postSolution
		SolutionGuid = {EBEEA001-DE00-4678-AD74-6F382E6118EB}
	EndGlobalSection
EndGlobal
